
Microsoft Visual Studio Solution File, Format Version 12.00
# Visual Studio 14
VisualStudioVersion = 14.0.25420.1
MinimumVisualStudioVersion = 10.0.40219.1
Project("{2150E333-8FDC-42A3-9474-1A3956D46DE8}") = "src", "src", "{AA903885-DDBA-4A80-93CE-F1DC0DCE46FA}"
EndProject
Project("{2150E333-8FDC-42A3-9474-1A3956D46DE8}") = "Solution Items", "Solution Items", "{97180718-D61D-4172-8436-FC0FC229419B}"
	ProjectSection(SolutionItems) = preProject
		global.json = global.json
	EndProjectSection
EndProject
Project("{2150E333-8FDC-42A3-9474-1A3956D46DE8}") = "Core", "Core", "{7D6C9787-7424-4D37-A62D-12F433441E72}"
EndProject
Project("{2150E333-8FDC-42A3-9474-1A3956D46DE8}") = "BusinessLogic", "BusinessLogic", "{ACC2A410-D51A-445C-A913-B702BCDD63A5}"
EndProject
Project("{8BB2217D-0F2D-49D1-97BC-3654ED321F3B}") = "Spider.BusinessLogic", "src\Core\BusinessLogic\Spider.BusinessLogic\Spider.BusinessLogic.xproj", "{818F8356-5B17-43B2-A9CB-290E9180D8EB}"
EndProject
Project("{8BB2217D-0F2D-49D1-97BC-3654ED321F3B}") = "Spider.BusinessLogic.Interfaces", "src\Core\BusinessLogic\Spider.BusinessLogic.Interfaces\Spider.BusinessLogic.Interfaces.xproj", "{A3730E5A-671C-4844-9E27-7B334728BFDA}"
EndProject
Project("{8BB2217D-0F2D-49D1-97BC-3654ED321F3B}") = "Spider.BusinessLogic.Models", "src\Core\BusinessLogic\Spider.BusinessLogic.Models\Spider.BusinessLogic.Models.xproj", "{29EE2F7F-0B1F-4784-B4DD-5D5A6D8A6CB7}"
EndProject
Project("{2150E333-8FDC-42A3-9474-1A3956D46DE8}") = "Services", "Services", "{B8652E06-BA8D-46E2-9F16-FE8016C8F389}"
EndProject
Project("{2150E333-8FDC-42A3-9474-1A3956D46DE8}") = "Engine", "Engine", "{461DEFBE-8339-4F35-8081-F731657FF434}"
EndProject
Project("{8BB2217D-0F2D-49D1-97BC-3654ED321F3B}") = "Spider.App.Engine", "src\Core\Engine\Spider.App.Engine\Spider.App.Engine.xproj", "{6EAA80FA-2EDE-4FB8-A6C7-CA0A6AA87186}"
EndProject
Project("{8BB2217D-0F2D-49D1-97BC-3654ED321F3B}") = "Spider.App.Interfaces", "src\Core\Engine\Spider.App.Interfaces\Spider.App.Interfaces.xproj", "{7C675170-4140-4566-976D-97B21325AF73}"
EndProject
Project("{8BB2217D-0F2D-49D1-97BC-3654ED321F3B}") = "Spider.App.Models", "src\Core\Engine\Spider.App.Models\Spider.App.Models.xproj", "{FFDAED68-6F1A-4184-AEED-D089841B7C19}"
EndProject
Project("{8BB2217D-0F2D-49D1-97BC-3654ED321F3B}") = "Spider.Services", "src\Core\Services\Spider.Services\Spider.Services.xproj", "{765BC30B-35B5-4639-9C7E-3401F06A7469}"
EndProject
Project("{2150E333-8FDC-42A3-9474-1A3956D46DE8}") = "Utility", "Utility", "{0528B3A5-90F7-4938-9397-3CF0BAA2CB36}"
EndProject
Project("{2150E333-8FDC-42A3-9474-1A3956D46DE8}") = "Database", "Database", "{AFBDB2A9-B7F7-4BDE-AAE3-4A0548AEDA35}"
EndProject
Project("{8BB2217D-0F2D-49D1-97BC-3654ED321F3B}") = "Spider.Database.Access", "src\Database\Spider.Database.Access\Spider.Database.Access.xproj", "{7C826974-6E26-4AF7-A54D-9ED10C218422}"
EndProject
Project("{8BB2217D-0F2D-49D1-97BC-3654ED321F3B}") = "Spider.Database.Entity.Models", "src\Database\Spider.Database.Entity.Models\Spider.Database.Entity.Models.xproj", "{AD767B89-6FAE-4661-8894-E68DC4554000}"
EndProject
Project("{8BB2217D-0F2D-49D1-97BC-3654ED321F3B}") = "Spider.Database.DbVersion", "src\Database\Spider.Database.DbVersion\Spider.Database.DbVersion.xproj", "{B4D8EAE8-F98E-430E-83C3-307C5EEF4190}"
EndProject
Project("{2150E333-8FDC-42A3-9474-1A3956D46DE8}") = "Common", "Common", "{7C527EBB-0C85-4650-AB3B-1E0E139AB94B}"
EndProject
Project("{8BB2217D-0F2D-49D1-97BC-3654ED321F3B}") = "Spider.Interfaces", "src\Core\Common\Spider.Interfaces\Spider.Interfaces.xproj", "{05D9ADDF-BCA2-41DA-AD48-5C45FC8B7004}"
EndProject
Project("{8BB2217D-0F2D-49D1-97BC-3654ED321F3B}") = "Spider.Exceptions", "src\Core\Common\Spider.Exceptions\Spider.Exceptions.xproj", "{6FA76023-6636-469F-B3B5-F5B9A84E0DFD}"
EndProject
Project("{8BB2217D-0F2D-49D1-97BC-3654ED321F3B}") = "Spider.Constant", "src\Utility\Spider.Constant\Spider.Constant.xproj", "{29A4FB01-7F2B-485F-8293-94282D45E7BC}"
EndProject
Project("{8BB2217D-0F2D-49D1-97BC-3654ED321F3B}") = "Spider.Extensions", "src\Utility\Spider.Extensions\Spider.Extensions.xproj", "{07DE38F9-65E6-4CE9-B37B-949FBB9C4C64}"
EndProject
Project("{8BB2217D-0F2D-49D1-97BC-3654ED321F3B}") = "Spider.Helpers", "src\Utility\Spider.Helpers\Spider.Helpers.xproj", "{DDDB014E-4A09-42FC-9AFE-F196E0D7D60E}"
EndProject
Project("{8BB2217D-0F2D-49D1-97BC-3654ED321F3B}") = "Spider.Utility.Encryption", "src\Utility\Spider.Utility.Encryption\Spider.Utility.Encryption.xproj", "{9026029F-443B-496B-ACF8-4C54854B2433}"
EndProject
Project("{8BB2217D-0F2D-49D1-97BC-3654ED321F3B}") = "Spider.Util", "src\Utility\Spider.Util\Spider.Util.xproj", "{700FE709-7175-406A-9365-63BFC25C969C}"
EndProject
Project("{2150E333-8FDC-42A3-9474-1A3956D46DE8}") = "Api", "Api", "{52D6FA4B-498B-4BE0-B312-68AEC5203C07}"
EndProject
Project("{8BB2217D-0F2D-49D1-97BC-3654ED321F3B}") = "Spider.Api", "src\Api\Spider.Api\Spider.Api.xproj", "{5261EC60-D1BE-404E-ADC2-CAC2CCAD4A3A}"
EndProject
Project("{8BB2217D-0F2D-49D1-97BC-3654ED321F3B}") = "Spider.View.Models", "src\Api\Spider.View.Models\Spider.View.Models.xproj", "{5BF8CD98-6456-4DF4-B0BF-20C311BCF41F}"
EndProject
Project("{8BB2217D-0F2D-49D1-97BC-3654ED321F3B}") = "Spider.Core.Models", "src\Core\Common\Spider.Core.Models\Spider.Core.Models.xproj", "{940BB233-C8F1-4203-BB7F-5583759CE3F1}"
EndProject
Project("{8BB2217D-0F2D-49D1-97BC-3654ED321F3B}") = "Spider.Cache", "src\Core\Common\Spider.Cache\Spider.Cache.xproj", "{9C1BAAA5-E706-40AA-BD88-0B20A6316216}"
EndProject
Project("{8BB2217D-0F2D-49D1-97BC-3654ED321F3B}") = "Spider.Database.Models.Interfaces", "src\Database\Spider.Database.Models.Interfaces\Spider.Database.Models.Interfaces.xproj", "{99BD8DD2-E5AE-46A0-A737-ED8E103ACE78}"
EndProject
Project("{8BB2217D-0F2D-49D1-97BC-3654ED321F3B}") = "Spider.Database.Interfaces", "src\Database\Spider.Database.Interfaces\Spider.Database.Interfaces.xproj", "{34F69AF3-E278-4FC5-869B-6BCED735F095}"
EndProject
Project("{8BB2217D-0F2D-49D1-97BC-3654ED321F3B}") = "Spider.Database.Context", "src\Database\Spider.Database.Context\Spider.Database.Context.xproj", "{48C1F123-A7D8-4891-9F36-AD9F871FC3C8}"
EndProject
Global
	GlobalSection(SolutionConfigurationPlatforms) = preSolution
		Debug|Any CPU = Debug|Any CPU
		Release|Any CPU = Release|Any CPU
	EndGlobalSection
	GlobalSection(ProjectConfigurationPlatforms) = postSolution
		{818F8356-5B17-43B2-A9CB-290E9180D8EB}.Debug|Any CPU.ActiveCfg = Debug|Any CPU
		{818F8356-5B17-43B2-A9CB-290E9180D8EB}.Debug|Any CPU.Build.0 = Debug|Any CPU
		{818F8356-5B17-43B2-A9CB-290E9180D8EB}.Release|Any CPU.ActiveCfg = Release|Any CPU
		{818F8356-5B17-43B2-A9CB-290E9180D8EB}.Release|Any CPU.Build.0 = Release|Any CPU
		{A3730E5A-671C-4844-9E27-7B334728BFDA}.Debug|Any CPU.ActiveCfg = Debug|Any CPU
		{A3730E5A-671C-4844-9E27-7B334728BFDA}.Debug|Any CPU.Build.0 = Debug|Any CPU
		{A3730E5A-671C-4844-9E27-7B334728BFDA}.Release|Any CPU.ActiveCfg = Release|Any CPU
		{A3730E5A-671C-4844-9E27-7B334728BFDA}.Release|Any CPU.Build.0 = Release|Any CPU
		{29EE2F7F-0B1F-4784-B4DD-5D5A6D8A6CB7}.Debug|Any CPU.ActiveCfg = Debug|Any CPU
		{29EE2F7F-0B1F-4784-B4DD-5D5A6D8A6CB7}.Debug|Any CPU.Build.0 = Debug|Any CPU
		{29EE2F7F-0B1F-4784-B4DD-5D5A6D8A6CB7}.Release|Any CPU.ActiveCfg = Release|Any CPU
		{29EE2F7F-0B1F-4784-B4DD-5D5A6D8A6CB7}.Release|Any CPU.Build.0 = Release|Any CPU
		{6EAA80FA-2EDE-4FB8-A6C7-CA0A6AA87186}.Debug|Any CPU.ActiveCfg = Debug|Any CPU
		{6EAA80FA-2EDE-4FB8-A6C7-CA0A6AA87186}.Debug|Any CPU.Build.0 = Debug|Any CPU
		{6EAA80FA-2EDE-4FB8-A6C7-CA0A6AA87186}.Release|Any CPU.ActiveCfg = Release|Any CPU
		{6EAA80FA-2EDE-4FB8-A6C7-CA0A6AA87186}.Release|Any CPU.Build.0 = Release|Any CPU
		{7C675170-4140-4566-976D-97B21325AF73}.Debug|Any CPU.ActiveCfg = Debug|Any CPU
		{7C675170-4140-4566-976D-97B21325AF73}.Debug|Any CPU.Build.0 = Debug|Any CPU
		{7C675170-4140-4566-976D-97B21325AF73}.Release|Any CPU.ActiveCfg = Release|Any CPU
		{7C675170-4140-4566-976D-97B21325AF73}.Release|Any CPU.Build.0 = Release|Any CPU
		{FFDAED68-6F1A-4184-AEED-D089841B7C19}.Debug|Any CPU.ActiveCfg = Debug|Any CPU
		{FFDAED68-6F1A-4184-AEED-D089841B7C19}.Debug|Any CPU.Build.0 = Debug|Any CPU
		{FFDAED68-6F1A-4184-AEED-D089841B7C19}.Release|Any CPU.ActiveCfg = Release|Any CPU
		{FFDAED68-6F1A-4184-AEED-D089841B7C19}.Release|Any CPU.Build.0 = Release|Any CPU
		{765BC30B-35B5-4639-9C7E-3401F06A7469}.Debug|Any CPU.ActiveCfg = Debug|Any CPU
		{765BC30B-35B5-4639-9C7E-3401F06A7469}.Debug|Any CPU.Build.0 = Debug|Any CPU
		{765BC30B-35B5-4639-9C7E-3401F06A7469}.Release|Any CPU.ActiveCfg = Release|Any CPU
		{765BC30B-35B5-4639-9C7E-3401F06A7469}.Release|Any CPU.Build.0 = Release|Any CPU
		{7C826974-6E26-4AF7-A54D-9ED10C218422}.Debug|Any CPU.ActiveCfg = Debug|Any CPU
		{7C826974-6E26-4AF7-A54D-9ED10C218422}.Debug|Any CPU.Build.0 = Debug|Any CPU
		{7C826974-6E26-4AF7-A54D-9ED10C218422}.Release|Any CPU.ActiveCfg = Release|Any CPU
		{7C826974-6E26-4AF7-A54D-9ED10C218422}.Release|Any CPU.Build.0 = Release|Any CPU
		{AD767B89-6FAE-4661-8894-E68DC4554000}.Debug|Any CPU.ActiveCfg = Debug|Any CPU
		{AD767B89-6FAE-4661-8894-E68DC4554000}.Debug|Any CPU.Build.0 = Debug|Any CPU
		{AD767B89-6FAE-4661-8894-E68DC4554000}.Release|Any CPU.ActiveCfg = Release|Any CPU
		{AD767B89-6FAE-4661-8894-E68DC4554000}.Release|Any CPU.Build.0 = Release|Any CPU
		{B4D8EAE8-F98E-430E-83C3-307C5EEF4190}.Debug|Any CPU.ActiveCfg = Debug|Any CPU
		{B4D8EAE8-F98E-430E-83C3-307C5EEF4190}.Debug|Any CPU.Build.0 = Debug|Any CPU
		{B4D8EAE8-F98E-430E-83C3-307C5EEF4190}.Release|Any CPU.ActiveCfg = Release|Any CPU
		{B4D8EAE8-F98E-430E-83C3-307C5EEF4190}.Release|Any CPU.Build.0 = Release|Any CPU
		{05D9ADDF-BCA2-41DA-AD48-5C45FC8B7004}.Debug|Any CPU.ActiveCfg = Debug|Any CPU
		{05D9ADDF-BCA2-41DA-AD48-5C45FC8B7004}.Debug|Any CPU.Build.0 = Debug|Any CPU
		{05D9ADDF-BCA2-41DA-AD48-5C45FC8B7004}.Release|Any CPU.ActiveCfg = Release|Any CPU
		{05D9ADDF-BCA2-41DA-AD48-5C45FC8B7004}.Release|Any CPU.Build.0 = Release|Any CPU
		{6FA76023-6636-469F-B3B5-F5B9A84E0DFD}.Debug|Any CPU.ActiveCfg = Debug|Any CPU
		{6FA76023-6636-469F-B3B5-F5B9A84E0DFD}.Debug|Any CPU.Build.0 = Debug|Any CPU
		{6FA76023-6636-469F-B3B5-F5B9A84E0DFD}.Release|Any CPU.ActiveCfg = Release|Any CPU
		{6FA76023-6636-469F-B3B5-F5B9A84E0DFD}.Release|Any CPU.Build.0 = Release|Any CPU
		{29A4FB01-7F2B-485F-8293-94282D45E7BC}.Debug|Any CPU.ActiveCfg = Debug|Any CPU
		{29A4FB01-7F2B-485F-8293-94282D45E7BC}.Debug|Any CPU.Build.0 = Debug|Any CPU
		{29A4FB01-7F2B-485F-8293-94282D45E7BC}.Release|Any CPU.ActiveCfg = Release|Any CPU
		{29A4FB01-7F2B-485F-8293-94282D45E7BC}.Release|Any CPU.Build.0 = Release|Any CPU
		{07DE38F9-65E6-4CE9-B37B-949FBB9C4C64}.Debug|Any CPU.ActiveCfg = Debug|Any CPU
		{07DE38F9-65E6-4CE9-B37B-949FBB9C4C64}.Debug|Any CPU.Build.0 = Debug|Any CPU
		{07DE38F9-65E6-4CE9-B37B-949FBB9C4C64}.Release|Any CPU.ActiveCfg = Release|Any CPU
		{07DE38F9-65E6-4CE9-B37B-949FBB9C4C64}.Release|Any CPU.Build.0 = Release|Any CPU
		{DDDB014E-4A09-42FC-9AFE-F196E0D7D60E}.Debug|Any CPU.ActiveCfg = Debug|Any CPU
		{DDDB014E-4A09-42FC-9AFE-F196E0D7D60E}.Debug|Any CPU.Build.0 = Debug|Any CPU
		{DDDB014E-4A09-42FC-9AFE-F196E0D7D60E}.Release|Any CPU.ActiveCfg = Release|Any CPU
		{DDDB014E-4A09-42FC-9AFE-F196E0D7D60E}.Release|Any CPU.Build.0 = Release|Any CPU
		{9026029F-443B-496B-ACF8-4C54854B2433}.Debug|Any CPU.ActiveCfg = Debug|Any CPU
		{9026029F-443B-496B-ACF8-4C54854B2433}.Debug|Any CPU.Build.0 = Debug|Any CPU
		{9026029F-443B-496B-ACF8-4C54854B2433}.Release|Any CPU.ActiveCfg = Release|Any CPU
		{9026029F-443B-496B-ACF8-4C54854B2433}.Release|Any CPU.Build.0 = Release|Any CPU
		{700FE709-7175-406A-9365-63BFC25C969C}.Debug|Any CPU.ActiveCfg = Debug|Any CPU
		{700FE709-7175-406A-9365-63BFC25C969C}.Debug|Any CPU.Build.0 = Debug|Any CPU
		{700FE709-7175-406A-9365-63BFC25C969C}.Release|Any CPU.ActiveCfg = Release|Any CPU
		{700FE709-7175-406A-9365-63BFC25C969C}.Release|Any CPU.Build.0 = Release|Any CPU
		{5261EC60-D1BE-404E-ADC2-CAC2CCAD4A3A}.Debug|Any CPU.ActiveCfg = Debug|Any CPU
		{5261EC60-D1BE-404E-ADC2-CAC2CCAD4A3A}.Debug|Any CPU.Build.0 = Debug|Any CPU
		{5261EC60-D1BE-404E-ADC2-CAC2CCAD4A3A}.Release|Any CPU.ActiveCfg = Release|Any CPU
		{5261EC60-D1BE-404E-ADC2-CAC2CCAD4A3A}.Release|Any CPU.Build.0 = Release|Any CPU
		{5BF8CD98-6456-4DF4-B0BF-20C311BCF41F}.Debug|Any CPU.ActiveCfg = Debug|Any CPU
		{5BF8CD98-6456-4DF4-B0BF-20C311BCF41F}.Debug|Any CPU.Build.0 = Debug|Any CPU
		{5BF8CD98-6456-4DF4-B0BF-20C311BCF41F}.Release|Any CPU.ActiveCfg = Release|Any CPU
		{5BF8CD98-6456-4DF4-B0BF-20C311BCF41F}.Release|Any CPU.Build.0 = Release|Any CPU
		{940BB233-C8F1-4203-BB7F-5583759CE3F1}.Debug|Any CPU.ActiveCfg = Debug|Any CPU
		{940BB233-C8F1-4203-BB7F-5583759CE3F1}.Debug|Any CPU.Build.0 = Debug|Any CPU
		{940BB233-C8F1-4203-BB7F-5583759CE3F1}.Release|Any CPU.ActiveCfg = Release|Any CPU
		{940BB233-C8F1-4203-BB7F-5583759CE3F1}.Release|Any CPU.Build.0 = Release|Any CPU
		{9C1BAAA5-E706-40AA-BD88-0B20A6316216}.Debug|Any CPU.ActiveCfg = Debug|Any CPU
		{9C1BAAA5-E706-40AA-BD88-0B20A6316216}.Debug|Any CPU.Build.0 = Debug|Any CPU
		{9C1BAAA5-E706-40AA-BD88-0B20A6316216}.Release|Any CPU.ActiveCfg = Release|Any CPU
		{9C1BAAA5-E706-40AA-BD88-0B20A6316216}.Release|Any CPU.Build.0 = Release|Any CPU
		{99BD8DD2-E5AE-46A0-A737-ED8E103ACE78}.Debug|Any CPU.ActiveCfg = Debug|Any CPU
		{99BD8DD2-E5AE-46A0-A737-ED8E103ACE78}.Debug|Any CPU.Build.0 = Debug|Any CPU
		{99BD8DD2-E5AE-46A0-A737-ED8E103ACE78}.Release|Any CPU.ActiveCfg = Release|Any CPU
		{99BD8DD2-E5AE-46A0-A737-ED8E103ACE78}.Release|Any CPU.Build.0 = Release|Any CPU
		{34F69AF3-E278-4FC5-869B-6BCED735F095}.Debug|Any CPU.ActiveCfg = Debug|Any CPU
		{34F69AF3-E278-4FC5-869B-6BCED735F095}.Debug|Any CPU.Build.0 = Debug|Any CPU
		{34F69AF3-E278-4FC5-869B-6BCED735F095}.Release|Any CPU.ActiveCfg = Release|Any CPU
		{34F69AF3-E278-4FC5-869B-6BCED735F095}.Release|Any CPU.Build.0 = Release|Any CPU
		{48C1F123-A7D8-4891-9F36-AD9F871FC3C8}.Debug|Any CPU.ActiveCfg = Debug|Any CPU
		{48C1F123-A7D8-4891-9F36-AD9F871FC3C8}.Debug|Any CPU.Build.0 = Debug|Any CPU
		{48C1F123-A7D8-4891-9F36-AD9F871FC3C8}.Release|Any CPU.ActiveCfg = Release|Any CPU
		{48C1F123-A7D8-4891-9F36-AD9F871FC3C8}.Release|Any CPU.Build.0 = Release|Any CPU
	EndGlobalSection
	GlobalSection(SolutionProperties) = preSolution
		HideSolutionNode = FALSE
	EndGlobalSection
	GlobalSection(NestedProjects) = preSolution
		{7D6C9787-7424-4D37-A62D-12F433441E72} = {AA903885-DDBA-4A80-93CE-F1DC0DCE46FA}
		{ACC2A410-D51A-445C-A913-B702BCDD63A5} = {7D6C9787-7424-4D37-A62D-12F433441E72}
		{818F8356-5B17-43B2-A9CB-290E9180D8EB} = {ACC2A410-D51A-445C-A913-B702BCDD63A5}
		{A3730E5A-671C-4844-9E27-7B334728BFDA} = {ACC2A410-D51A-445C-A913-B702BCDD63A5}
		{29EE2F7F-0B1F-4784-B4DD-5D5A6D8A6CB7} = {ACC2A410-D51A-445C-A913-B702BCDD63A5}
		{B8652E06-BA8D-46E2-9F16-FE8016C8F389} = {AFBDB2A9-B7F7-4BDE-AAE3-4A0548AEDA35}
		{461DEFBE-8339-4F35-8081-F731657FF434} = {7D6C9787-7424-4D37-A62D-12F433441E72}
		{6EAA80FA-2EDE-4FB8-A6C7-CA0A6AA87186} = {461DEFBE-8339-4F35-8081-F731657FF434}
		{7C675170-4140-4566-976D-97B21325AF73} = {461DEFBE-8339-4F35-8081-F731657FF434}
		{FFDAED68-6F1A-4184-AEED-D089841B7C19} = {461DEFBE-8339-4F35-8081-F731657FF434}
		{765BC30B-35B5-4639-9C7E-3401F06A7469} = {B8652E06-BA8D-46E2-9F16-FE8016C8F389}
		{0528B3A5-90F7-4938-9397-3CF0BAA2CB36} = {AA903885-DDBA-4A80-93CE-F1DC0DCE46FA}
		{AFBDB2A9-B7F7-4BDE-AAE3-4A0548AEDA35} = {AA903885-DDBA-4A80-93CE-F1DC0DCE46FA}
		{7C826974-6E26-4AF7-A54D-9ED10C218422} = {AFBDB2A9-B7F7-4BDE-AAE3-4A0548AEDA35}
		{AD767B89-6FAE-4661-8894-E68DC4554000} = {AFBDB2A9-B7F7-4BDE-AAE3-4A0548AEDA35}
		{B4D8EAE8-F98E-430E-83C3-307C5EEF4190} = {AFBDB2A9-B7F7-4BDE-AAE3-4A0548AEDA35}
		{7C527EBB-0C85-4650-AB3B-1E0E139AB94B} = {7D6C9787-7424-4D37-A62D-12F433441E72}
		{05D9ADDF-BCA2-41DA-AD48-5C45FC8B7004} = {7C527EBB-0C85-4650-AB3B-1E0E139AB94B}
		{6FA76023-6636-469F-B3B5-F5B9A84E0DFD} = {7C527EBB-0C85-4650-AB3B-1E0E139AB94B}
		{29A4FB01-7F2B-485F-8293-94282D45E7BC} = {7C527EBB-0C85-4650-AB3B-1E0E139AB94B}
		{07DE38F9-65E6-4CE9-B37B-949FBB9C4C64} = {0528B3A5-90F7-4938-9397-3CF0BAA2CB36}
		{DDDB014E-4A09-42FC-9AFE-F196E0D7D60E} = {0528B3A5-90F7-4938-9397-3CF0BAA2CB36}
		{9026029F-443B-496B-ACF8-4C54854B2433} = {0528B3A5-90F7-4938-9397-3CF0BAA2CB36}
		{700FE709-7175-406A-9365-63BFC25C969C} = {0528B3A5-90F7-4938-9397-3CF0BAA2CB36}
		{52D6FA4B-498B-4BE0-B312-68AEC5203C07} = {AA903885-DDBA-4A80-93CE-F1DC0DCE46FA}
		{5261EC60-D1BE-404E-ADC2-CAC2CCAD4A3A} = {52D6FA4B-498B-4BE0-B312-68AEC5203C07}
		{5BF8CD98-6456-4DF4-B0BF-20C311BCF41F} = {52D6FA4B-498B-4BE0-B312-68AEC5203C07}
		{940BB233-C8F1-4203-BB7F-5583759CE3F1} = {7C527EBB-0C85-4650-AB3B-1E0E139AB94B}
		{9C1BAAA5-E706-40AA-BD88-0B20A6316216} = {7C527EBB-0C85-4650-AB3B-1E0E139AB94B}
		{99BD8DD2-E5AE-46A0-A737-ED8E103ACE78} = {AFBDB2A9-B7F7-4BDE-AAE3-4A0548AEDA35}
		{34F69AF3-E278-4FC5-869B-6BCED735F095} = {AFBDB2A9-B7F7-4BDE-AAE3-4A0548AEDA35}
		{48C1F123-A7D8-4891-9F36-AD9F871FC3C8} = {AFBDB2A9-B7F7-4BDE-AAE3-4A0548AEDA35}
	EndGlobalSection
EndGlobal
